
Microsoft Visual Studio Solution File, Format Version 12.00
# Visual Studio Version 17
VisualStudioVersion = 17.3.32819.101
MinimumVisualStudioVersion = 10.0.40219.1
Project("{FAE04EC0-301F-11D3-BF4B-00C04F79EFBC}") = "Konvertierung", "Konvertierung\Konvertierung.csproj", "{3785A0A4-C957-47EE-A2A6-B77C79015D32}"
EndProject
Global
	GlobalSection(SolutionConfigurationPlatforms) = preSolution
		Debug|Any CPU = Debug|Any CPU
		Release|Any CPU = Release|Any CPU
	EndGlobalSection
	GlobalSection(ProjectConfigurationPlatforms) = postSolution
		{3785A0A4-C957-47EE-A2A6-B77C79015D32}.Debug|Any CPU.ActiveCfg = Debug|Any CPU
		{3785A0A4-C957-47EE-A2A6-B77C79015D32}.Debug|Any CPU.Build.0 = Debug|Any CPU
		{3785A0A4-C957-47EE-A2A6-B77C79015D32}.Release|Any CPU.ActiveCfg = Release|Any CPU
		{3785A0A4-C957-47EE-A2A6-B77C79015D32}.Release|Any CPU.Build.0 = Release|Any CPU
	EndGlobalSection
	GlobalSection(SolutionProperties) = preSolution
		HideSolutionNode = FALSE
	EndGlobalSection
	GlobalSection(ExtensibilityGlobals) = postSolution
		SolutionGuid = {CF1D00ED-A4DB-426E-B790-9988127D43B9}
	EndGlobalSection
EndGlobal
